
Microsoft Visual Studio Solution File, Format Version 12.00
# Visual Studio Version 17
VisualStudioVersion = 17.4.33103.184
MinimumVisualStudioVersion = 10.0.40219.1
Project("{FAE04EC0-301F-11D3-BF4B-00C04F79EFBC}") = "Reversi P2", "Reversi P2\Reversi P2.csproj", "{C0452E1E-3C94-43BB-AA3D-FE16D45D71E3}"
EndProject
Global
	GlobalSection(SolutionConfigurationPlatforms) = preSolution
		Debug|Any CPU = Debug|Any CPU
		Release|Any CPU = Release|Any CPU
	EndGlobalSection
	GlobalSection(ProjectConfigurationPlatforms) = postSolution
		{C0452E1E-3C94-43BB-AA3D-FE16D45D71E3}.Debug|Any CPU.ActiveCfg = Debug|Any CPU
		{C0452E1E-3C94-43BB-AA3D-FE16D45D71E3}.Debug|Any CPU.Build.0 = Debug|Any CPU
		{C0452E1E-3C94-43BB-AA3D-FE16D45D71E3}.Release|Any CPU.ActiveCfg = Release|Any CPU
		{C0452E1E-3C94-43BB-AA3D-FE16D45D71E3}.Release|Any CPU.Build.0 = Release|Any CPU
	EndGlobalSection
	GlobalSection(SolutionProperties) = preSolution
		HideSolutionNode = FALSE
	EndGlobalSection
	GlobalSection(ExtensibilityGlobals) = postSolution
		SolutionGuid = {26D522BB-A22A-4D9B-8ACB-374F704339F3}
	EndGlobalSection
EndGlobal
